<?xml version="1.0" encoding="utf-8"?>
<Project ToolsVersion="4.0" xmlns="http://schemas.microsoft.com/developer/msbuild/2003">
  <ItemGroup>
    <Filter Include="Source Files">
      <UniqueIdentifier>{4FC737F1-C7A5-4376-A066-2A32D752A2FF}</UniqueIdentifier>
      <Extensions>cpp;c;cc;cxx;c++;cppm;ixx;def;odl;idl;hpj;bat;asm;asmx</Extensions>
    </Filter>
    <Filter Include="Header Files">
      <UniqueIdentifier>{93995380-89BD-4b04-88EB-625FBE52EBFB}</UniqueIdentifier>
      <Extensions>h;hh;hpp;hxx;h++;hm;inl;inc;ipp;xsd</Extensions>
    </Filter>
    <Filter Include="Resource Files">
      <UniqueIdentifier>{67DA6AB6-F800-4c08-8B7A-83BB121AAD01}</UniqueIdentifier>
      <Extensions>rc;ico;cur;bmp;dlg;rc2;rct;bin;rgs;gif;jpg;jpeg;jpe;resx;tiff;tif;png;wav;mfcribbon-ms</Extensions>
    </Filter>
    <Filter Include="Source Files\states">
      <UniqueIdentifier>{92ba8f8f-a183-477b-a751-58ae593266b3}</UniqueIdentifier>
    </Filter>
    <Filter Include="Header Files\states">
      <UniqueIdentifier>{1051b891-3124-4216-bd0d-2e71f5687d7f}</UniqueIdentifier>
    </Filter>
    <Filter Include="Header Files\managers">
      <UniqueIdentifier>{5b74acbe-52e4-4f13-adde-5663c1156c7e}</UniqueIdentifier>
    </Filter>
    <Filter Include="Source Files\managers">
      <UniqueIdentifier>{caa1338f-a0db-4017-af52-a0528af5a2cf}</UniqueIdentifier>
    </Filter>
  </ItemGroup>
  <ItemGroup>
    <ClCompile Include="main.cpp">
      <Filter>Source Files</Filter>
    </ClCompile>
    <ClCompile Include="Game.cpp">
      <Filter>Source Files</Filter>
    </ClCompile>
    <ClCompile Include="Grid.cpp">
      <Filter>Source Files</Filter>
    </ClCompile>
    <ClCompile Include="Map.cpp">
      <Filter>Source Files</Filter>
    </ClCompile>
    <ClCompile Include="Snake.cpp">
      <Filter>Source Files</Filter>
    </ClCompile>
    <ClCompile Include="Apple.cpp">
      <Filter>Source Files</Filter>
    </ClCompile>
    <ClCompile Include="GameState.cpp">
      <Filter>Source Files\states</Filter>
    </ClCompile>
    <ClCompile Include="MenuUI.cpp">
      <Filter>Source Files</Filter>
    </ClCompile>
    <ClCompile Include="PauseState.cpp">
      <Filter>Source Files\states</Filter>
    </ClCompile>
    <ClCompile Include="MenuState.hpp">
      <Filter>Header Files\states</Filter>
    </ClCompile>
    <ClCompile Include="SettingState.cpp">
      <Filter>Source Files\states</Filter>
    </ClCompile>
    <ClCompile Include="CheckBox.cpp">
      <Filter>Source Files</Filter>
    </ClCompile>
    <ClCompile Include="RecordsState.cpp">
      <Filter>Source Files\states</Filter>
    </ClCompile>
    <ClCompile Include="GameOverState.cpp">
      <Filter>Source Files\states</Filter>
    </ClCompile>
    <ClCompile Include="MenuState.cpp">
      <Filter>Source Files\states</Filter>
    </ClCompile>
    <ClCompile Include="DifficultyState.cpp">
      <Filter>Source Files\states</Filter>
    </ClCompile>
    <ClCompile Include="StateManager.hpp">
      <Filter>Header Files\managers</Filter>
    </ClCompile>
    <ClCompile Include="RecordsManager.cpp">
      <Filter>Source Files\managers</Filter>
    </ClCompile>
    <ClCompile Include="FileManager.cpp">
      <Filter>Source Files\managers</Filter>
    </ClCompile>
    <ClCompile Include="ScoreManager.cpp">
      <Filter>Source Files\managers</Filter>
    </ClCompile>
    <ClCompile Include="SettingsManager.cpp">
      <Filter>Source Files\managers</Filter>
    </ClCompile>
    <ClCompile Include="Difficulty.cpp">
      <Filter>Source Files</Filter>
    </ClCompile>
    <ClCompile Include="AudioManager.cpp">
      <Filter>Source Files\managers</Filter>
    </ClCompile>
  </ItemGroup>
  <ItemGroup>
    <ClInclude Include="Game.hpp">
      <Filter>Header Files</Filter>
    </ClInclude>
    <ClInclude Include="Snake.hpp">
      <Filter>Header Files</Filter>
    </ClInclude>
    <ClInclude Include="Constants.hpp">
      <Filter>Header Files</Filter>
    </ClInclude>
    <ClInclude Include="Map.hpp">
      <Filter>Header Files</Filter>
    </ClInclude>
    <ClInclude Include="Grid.hpp">
      <Filter>Header Files</Filter>
    </ClInclude>
    <ClInclude Include="Utils.hpp">
      <Filter>Header Files</Filter>
    </ClInclude>
    <ClInclude Include="Apple.hpp">
      <Filter>Header Files</Filter>
    </ClInclude>
    <ClInclude Include="GameState.hpp">
      <Filter>Header Files\states</Filter>
    </ClInclude>
    <ClInclude Include="State.hpp">
      <Filter>Header Files\states</Filter>
    </ClInclude>
    <ClInclude Include="PauseState.hpp">
      <Filter>Header Files\states</Filter>
    </ClInclude>
    <ClInclude Include="MenuUI.hpp">
      <Filter>Header Files</Filter>
    </ClInclude>
    <ClInclude Include="SettingState.hpp">
      <Filter>Header Files\states</Filter>
    </ClInclude>
    <ClInclude Include="CheckBox.hpp">
      <Filter>Header Files</Filter>
    </ClInclude>
    <ClInclude Include="RecordsState.hpp">
      <Filter>Header Files\states</Filter>
    </ClInclude>
    <ClInclude Include="GameOverState.hpp">
      <Filter>Header Files\states</Filter>
    </ClInclude>
    <ClInclude Include="DifficultyState.hpp">
      <Filter>Header Files\states</Filter>
    </ClInclude>
    <ClInclude Include="FileManager.hpp">
      <Filter>Header Files\managers</Filter>
    </ClInclude>
    <ClInclude Include="RecordsManager.hpp">
      <Filter>Header Files\managers</Filter>
    </ClInclude>
    <ClInclude Include="ScoreManager.hpp">
      <Filter>Header Files\managers</Filter>
    </ClInclude>
    <ClInclude Include="SettingsManager.hpp">
      <Filter>Header Files\managers</Filter>
    </ClInclude>
    <ClInclude Include="Difficulty.hpp">
      <Filter>Header Files</Filter>
    </ClInclude>
    <ClInclude Include="AudioManager.hpp">
      <Filter>Header Files\managers</Filter>
    </ClInclude>
  </ItemGroup>
  <ItemGroup>
    <Image Include="assets\textures\snake_head.png">
      <Filter>Resource Files</Filter>
    </Image>
    <Image Include="assets\textures\snake_body.png">
      <Filter>Resource Files</Filter>
    </Image>
    <Image Include="assets\textures\apple.png">
      <Filter>Resource Files</Filter>
    </Image>
  </ItemGroup>
</Project>